
Microsoft Visual Studio Solution File, Format Version 12.00
# Visual Studio 15
VisualStudioVersion = 15.0.28010.2050
MinimumVisualStudioVersion = 10.0.40219.1
Project("{FAE04EC0-301F-11D3-BF4B-00C04F79EFBC}") = "MasterChefCuisine", "MasterChefCuisine\MasterChefCuisine.csproj", "{61064C6E-085D-4757-A70D-2DD6D6E06ACA}"
EndProject
Project("{FAE04EC0-301F-11D3-BF4B-00C04F79EFBC}") = "MasterChefCuisineTest", "MasterChefCuisineTest\MasterChefCuisineTest.csproj", "{699C267F-7217-4712-8107-8FEC052DD043}"
EndProject
Project("{00D1A9C2-B5F0-4AF3-8072-F6C62B433612}") = "BDDFalse", "BDDFalse\BDDFalse.sqlproj", "{F2200C4F-DA22-45CF-90C8-5038842CA272}"
EndProject
Global
	GlobalSection(SolutionConfigurationPlatforms) = preSolution
		Debug|Any CPU = Debug|Any CPU
		Release|Any CPU = Release|Any CPU
	EndGlobalSection
	GlobalSection(ProjectConfigurationPlatforms) = postSolution
		{61064C6E-085D-4757-A70D-2DD6D6E06ACA}.Debug|Any CPU.ActiveCfg = Debug|Any CPU
		{61064C6E-085D-4757-A70D-2DD6D6E06ACA}.Debug|Any CPU.Build.0 = Debug|Any CPU
		{61064C6E-085D-4757-A70D-2DD6D6E06ACA}.Release|Any CPU.ActiveCfg = Release|Any CPU
		{61064C6E-085D-4757-A70D-2DD6D6E06ACA}.Release|Any CPU.Build.0 = Release|Any CPU
		{699C267F-7217-4712-8107-8FEC052DD043}.Debug|Any CPU.ActiveCfg = Debug|Any CPU
		{699C267F-7217-4712-8107-8FEC052DD043}.Debug|Any CPU.Build.0 = Debug|Any CPU
		{699C267F-7217-4712-8107-8FEC052DD043}.Release|Any CPU.ActiveCfg = Release|Any CPU
		{699C267F-7217-4712-8107-8FEC052DD043}.Release|Any CPU.Build.0 = Release|Any CPU
		{F2200C4F-DA22-45CF-90C8-5038842CA272}.Debug|Any CPU.ActiveCfg = Debug|Any CPU
		{F2200C4F-DA22-45CF-90C8-5038842CA272}.Debug|Any CPU.Build.0 = Debug|Any CPU
		{F2200C4F-DA22-45CF-90C8-5038842CA272}.Debug|Any CPU.Deploy.0 = Debug|Any CPU
		{F2200C4F-DA22-45CF-90C8-5038842CA272}.Release|Any CPU.ActiveCfg = Release|Any CPU
		{F2200C4F-DA22-45CF-90C8-5038842CA272}.Release|Any CPU.Build.0 = Release|Any CPU
		{F2200C4F-DA22-45CF-90C8-5038842CA272}.Release|Any CPU.Deploy.0 = Release|Any CPU
	EndGlobalSection
	GlobalSection(SolutionProperties) = preSolution
		HideSolutionNode = FALSE
	EndGlobalSection
	GlobalSection(ExtensibilityGlobals) = postSolution
		SolutionGuid = {1F34E39F-9FA7-41FF-96C8-BB8B4AB9E345}
	EndGlobalSection
EndGlobal
