
Microsoft Visual Studio Solution File, Format Version 12.00
# Visual Studio 15
VisualStudioVersion = 15.0.28010.2050
MinimumVisualStudioVersion = 10.0.40219.1
Project("{FAE04EC0-301F-11D3-BF4B-00C04F79EFBC}") = "MasterChefInfo", "MasterChefInfo\MasterChefInfo.csproj", "{97DE4C11-4485-4227-9980-8581B61A5360}"
EndProject
Global
	GlobalSection(SolutionConfigurationPlatforms) = preSolution
		Debug|Any CPU = Debug|Any CPU
		Release|Any CPU = Release|Any CPU
	EndGlobalSection
	GlobalSection(ProjectConfigurationPlatforms) = postSolution
		{97DE4C11-4485-4227-9980-8581B61A5360}.Debug|Any CPU.ActiveCfg = Debug|Any CPU
		{97DE4C11-4485-4227-9980-8581B61A5360}.Debug|Any CPU.Build.0 = Debug|Any CPU
		{97DE4C11-4485-4227-9980-8581B61A5360}.Release|Any CPU.ActiveCfg = Release|Any CPU
		{97DE4C11-4485-4227-9980-8581B61A5360}.Release|Any CPU.Build.0 = Release|Any CPU
	EndGlobalSection
	GlobalSection(SolutionProperties) = preSolution
		HideSolutionNode = FALSE
	EndGlobalSection
	GlobalSection(ExtensibilityGlobals) = postSolution
		SolutionGuid = {FD5E8C70-D684-4EF6-9F00-D72DE8AA9880}
	EndGlobalSection
EndGlobal
