Microsoft Visual Studio Solution File, Format Version 12.00
# Visual Studio 15
Project("{FAE04EC0-301F-11D3-BF4B-00C04F79EFBC}") = "MasterChefRestoTest", "MasterChefRestoTest.csproj", "{8D3FD07F-AA6F-46D9-839E-D0EE22ABF324}"
EndProject
Project("{FAE04EC0-301F-11D3-BF4B-00C04F79EFBC}") = "MasterChefResto", "..\MasterChefResto\MasterChefResto.csproj", "{82C3CA34-77EE-42E1-BF93-299703D4249A}"
EndProject
Global
	GlobalSection(SolutionConfigurationPlatforms) = preSolution
		Debug|Any CPU = Debug|Any CPU
		Release|Any CPU = Release|Any CPU
	EndGlobalSection
	GlobalSection(ProjectConfigurationPlatforms) = postSolution
		{8D3FD07F-AA6F-46D9-839E-D0EE22ABF324}.Debug|Any CPU.ActiveCfg = Debug|Any CPU
		{8D3FD07F-AA6F-46D9-839E-D0EE22ABF324}.Debug|Any CPU.Build.0 = Debug|Any CPU
		{8D3FD07F-AA6F-46D9-839E-D0EE22ABF324}.Release|Any CPU.ActiveCfg = Release|Any CPU
		{8D3FD07F-AA6F-46D9-839E-D0EE22ABF324}.Release|Any CPU.Build.0 = Release|Any CPU
		{82C3CA34-77EE-42E1-BF93-299703D4249A}.Debug|Any CPU.ActiveCfg = Debug|Any CPU
		{82C3CA34-77EE-42E1-BF93-299703D4249A}.Debug|Any CPU.Build.0 = Debug|Any CPU
		{82C3CA34-77EE-42E1-BF93-299703D4249A}.Release|Any CPU.ActiveCfg = Release|Any CPU
		{82C3CA34-77EE-42E1-BF93-299703D4249A}.Release|Any CPU.Build.0 = Release|Any CPU
	EndGlobalSection
EndGlobal
